
Microsoft Visual Studio Solution File, Format Version 12.00
# Visual Studio Version 17
VisualStudioVersion = 17.10.34928.147
MinimumVisualStudioVersion = 10.0.40219.1
Project("{FAE04EC0-301F-11D3-BF4B-00C04F79EFBC}") = "DriveDb", "DriveDb\DriveDb.csproj", "{0947D8B8-E66E-41DA-AEC4-9844B2C427A3}"
EndProject
Global
	GlobalSection(SolutionConfigurationPlatforms) = preSolution
		Debug|Any CPU = Debug|Any CPU
		Release|Any CPU = Release|Any CPU
	EndGlobalSection
	GlobalSection(ProjectConfigurationPlatforms) = postSolution
		{0947D8B8-E66E-41DA-AEC4-9844B2C427A3}.Debug|Any CPU.ActiveCfg = Debug|Any CPU
		{0947D8B8-E66E-41DA-AEC4-9844B2C427A3}.Debug|Any CPU.Build.0 = Debug|Any CPU
		{0947D8B8-E66E-41DA-AEC4-9844B2C427A3}.Release|Any CPU.ActiveCfg = Release|Any CPU
		{0947D8B8-E66E-41DA-AEC4-9844B2C427A3}.Release|Any CPU.Build.0 = Release|Any CPU
	EndGlobalSection
	GlobalSection(SolutionProperties) = preSolution
		HideSolutionNode = FALSE
	EndGlobalSection
	GlobalSection(ExtensibilityGlobals) = postSolution
		SolutionGuid = {46392EB9-89C9-498E-8728-D9A788300CC5}
	EndGlobalSection
EndGlobal
